// !$*UTF8*$!
{
	archiveVersion = 1;
	classes = {
	};
	objectVersion = 56;
	objects = {

/* Begin PBXBuildFile section */
		5E1656A3287CD8A2002577D3 /* AppDelegate.swift in Sources */ = {isa = PBXBuildFile; fileRef = 5E1656A2287CD8A2002577D3 /* AppDelegate.swift */; };
		5E1656A5287CD8A2002577D3 /* ViewController.swift in Sources */ = {isa = PBXBuildFile; fileRef = 5E1656A4287CD8A2002577D3 /* ViewController.swift */; };
		5E1656A7287CD8A2002577D3 /* Experience.rcproject in Sources */ = {isa = PBXBuildFile; fileRef = 5E1656A6287CD8A2002577D3 /* Experience.rcproject */; };
		5E1656AA287CD8A2002577D3 /* Main.storyboard in Resources */ = {isa = PBXBuildFile; fileRef = 5E1656A8287CD8A2002577D3 /* Main.storyboard */; };
		5E1656AC287CD8A4002577D3 /* Assets.xcassets in Resources */ = {isa = PBXBuildFile; fileRef = 5E1656AB287CD8A4002577D3 /* Assets.xcassets */; };
		5E1656AF287CD8A4002577D3 /* LaunchScreen.storyboard in Resources */ = {isa = PBXBuildFile; fileRef = 5E1656AD287CD8A4002577D3 /* LaunchScreen.storyboard */; };
		5E1656B9287CD8A4002577D3 /* RetroAccess_AppTests.swift in Sources */ = {isa = PBXBuildFile; fileRef = 5E1656B8287CD8A4002577D3 /* RetroAccess_AppTests.swift */; };
		5E1656C3287CD8A4002577D3 /* RetroAccess_AppUITests.swift in Sources */ = {isa = PBXBuildFile; fileRef = 5E1656C2287CD8A4002577D3 /* RetroAccess_AppUITests.swift */; };
		5E1656C5287CD8A4002577D3 /* RetroAccess_AppUITestsLaunchTests.swift in Sources */ = {isa = PBXBuildFile; fileRef = 5E1656C4287CD8A4002577D3 /* RetroAccess_AppUITestsLaunchTests.swift */; };
		5E1656D3287CE6AA002577D3 /* RoomObjectReplicator.swift in Sources */ = {isa = PBXBuildFile; fileRef = 5E1656D1287CE6AA002577D3 /* RoomObjectReplicator.swift */; };
		5E1656D4287CE6AA002577D3 /* RoomObjectSystem.swift in Sources */ = {isa = PBXBuildFile; fileRef = 5E1656D2287CE6AA002577D3 /* RoomObjectSystem.swift */; };
		5E1656D6287CE901002577D3 /* Filter.swift in Sources */ = {isa = PBXBuildFile; fileRef = 5E1656D5287CE901002577D3 /* Filter.swift */; };
		5E1656D8287CE916002577D3 /* AccessibilityIssue.swift in Sources */ = {isa = PBXBuildFile; fileRef = 5E1656D7287CE916002577D3 /* AccessibilityIssue.swift */; };
		5E1656DD28877AD1002577D3 /* Rubrics.json in Resources */ = {isa = PBXBuildFile; fileRef = 5E1656DC28877AD1002577D3 /* Rubrics.json */; };
		5E1656DF2888D514002577D3 /* Situation.swift in Sources */ = {isa = PBXBuildFile; fileRef = 5E1656DE2888D514002577D3 /* Situation.swift */; };
		5E1656E52890A306002577D3 /* OnboardViewController.swift in Sources */ = {isa = PBXBuildFile; fileRef = 5E1656E42890A306002577D3 /* OnboardViewController.swift */; };
		5E1656E72891F8E8002577D3 /* Settings.swift in Sources */ = {isa = PBXBuildFile; fileRef = 5E1656E62891F8E8002577D3 /* Settings.swift */; };
		5E1656EA289B8E13002577D3 /* NotifyingEntity.swift in Sources */ = {isa = PBXBuildFile; fileRef = 5E1656E9289B8E13002577D3 /* NotifyingEntity.swift */; };
		5E16572928AC62CE002577D3 /* RoomObjectClasses.swift in Sources */ = {isa = PBXBuildFile; fileRef = 5E16572828AC62CE002577D3 /* RoomObjectClasses.swift */; };
		5E16572B28ACBDD8002577D3 /* IssueLayer.swift in Sources */ = {isa = PBXBuildFile; fileRef = 5E16572A28ACBDD8002577D3 /* IssueLayer.swift */; };
		5E3FB25F28ECEA8100281359 /* CheckBox.swift in Sources */ = {isa = PBXBuildFile; fileRef = 5E3FB25E28ECEA8100281359 /* CheckBox.swift */; };
		5E3FB26128ECF03C00281359 /* Living Room.jpg in Resources */ = {isa = PBXBuildFile; fileRef = 5E3FB26028ECF03C00281359 /* Living Room.jpg */; };
		5E3FB26328ED0A1900281359 /* Children.png in Resources */ = {isa = PBXBuildFile; fileRef = 5E3FB26228ED0A1900281359 /* Children.png */; };
		5E3FB26528ED0A2600281359 /* BLV.png in Resources */ = {isa = PBXBuildFile; fileRef = 5E3FB26428ED0A2600281359 /* BLV.png */; };
		5E3FB26728ED0A3800281359 /* Senior.png in Resources */ = {isa = PBXBuildFile; fileRef = 5E3FB26628ED0A3800281359 /* Senior.png */; };
		5E3FB26928ED0A4600281359 /* Wheelchair.png in Resources */ = {isa = PBXBuildFile; fileRef = 5E3FB26828ED0A4600281359 /* Wheelchair.png */; };
		5E3FB26D28ED58F800281359 /* Globe 3D Model.obj in Resources */ = {isa = PBXBuildFile; fileRef = 5E3FB26B28ED58F800281359 /* Globe 3D Model.obj */; };
		5E3FB26E28ED58F800281359 /* Globe 3D Model.mtl in Resources */ = {isa = PBXBuildFile; fileRef = 5E3FB26C28ED58F800281359 /* Globe 3D Model.mtl */; };
		5E3FB27628EE418800281359 /* Wireframe_3D_Globe.scn in Resources */ = {isa = PBXBuildFile; fileRef = 5E3FB27528EE418800281359 /* Wireframe_3D_Globe.scn */; };
		5E3FB27828EE433F00281359 /* Wireframe_3D_Globe.usdz in Resources */ = {isa = PBXBuildFile; fileRef = 5E3FB27728EE433F00281359 /* Wireframe_3D_Globe.usdz */; };
		5E3FB27A28EEAEAF00281359 /* QuickLookPreviewController.swift in Sources */ = {isa = PBXBuildFile; fileRef = 5E3FB27928EEAEAF00281359 /* QuickLookPreviewController.swift */; };
		5E3FB27D28EEC34500281359 /* RoomPlan.framework in Frameworks */ = {isa = PBXBuildFile; fileRef = 5E3FB27C28EEC34500281359 /* RoomPlan.framework */; settings = {ATTRIBUTES = (Weak, ); }; };
		5E8502F028DE6CA200FA3F01 /* YOLOResizer.swift in Sources */ = {isa = PBXBuildFile; fileRef = 5E8502EF28DE6CA200FA3F01 /* YOLOResizer.swift */; };
		5EB83FAC28BD687F00263575 /* YOLO.swift in Sources */ = {isa = PBXBuildFile; fileRef = 5EB83FA128BD687E00263575 /* YOLO.swift */; };
		5EB83FAF28BD687F00263575 /* VideoCapture.swift in Sources */ = {isa = PBXBuildFile; fileRef = 5EB83FA428BD687E00263575 /* VideoCapture.swift */; };
		5EB83FB028BD687F00263575 /* yolov4.mlpackage in Sources */ = {isa = PBXBuildFile; fileRef = 5EB83FA528BD687E00263575 /* yolov4.mlpackage */; };
		5EB83FB128BD687F00263575 /* YOLO4Tiny.swift in Sources */ = {isa = PBXBuildFile; fileRef = 5EB83FA628BD687E00263575 /* YOLO4Tiny.swift */; };
		5EB83FB228BD687F00263575 /* UIImage+CVPixelBuffer.swift in Sources */ = {isa = PBXBuildFile; fileRef = 5EB83FA728BD687E00263575 /* UIImage+CVPixelBuffer.swift */; };
		5EB83FB328BD687F00263575 /* yolov4_final.mlpackage in Sources */ = {isa = PBXBuildFile; fileRef = 5EB83FA828BD687F00263575 /* yolov4_final.mlpackage */; };
		5EB83FB428BD687F00263575 /* CVPiexlBuffer+Helpers.swift in Sources */ = {isa = PBXBuildFile; fileRef = 5EB83FA928BD687F00263575 /* CVPiexlBuffer+Helpers.swift */; };
		5EB83FB528BD687F00263575 /* Helpers.swift in Sources */ = {isa = PBXBuildFile; fileRef = 5EB83FAA28BD687F00263575 /* Helpers.swift */; };
		5EB83FB628BD687F00263575 /* BoundingBox.swift in Sources */ = {isa = PBXBuildFile; fileRef = 5EB83FAB28BD687F00263575 /* BoundingBox.swift */; };
		5EB83FB828C3FB3500263575 /* Rubrics_mini.json in Resources */ = {isa = PBXBuildFile; fileRef = 5EB83FB728C3FB3500263575 /* Rubrics_mini.json */; };
		5EB83FBD28C72DD800263575 /* PDFCreator.swift in Sources */ = {isa = PBXBuildFile; fileRef = 5EB83FBC28C72DD800263575 /* PDFCreator.swift */; };
		5EB83FC128C733C900263575 /* PDFPreviewController.swift in Sources */ = {isa = PBXBuildFile; fileRef = 5EB83FC028C733C900263575 /* PDFPreviewController.swift */; };
		5EB83FC328C84D8300263575 /* yolov4_final_9_classes.mlpackage in Sources */ = {isa = PBXBuildFile; fileRef = 5EB83FC228C84D8300263575 /* yolov4_final_9_classes.mlpackage */; };
		5EC42018294D4420004F4E88 /* SCNViewController.swift in Sources */ = {isa = PBXBuildFile; fileRef = 5EC42017294D4420004F4E88 /* SCNViewController.swift */; };
/* End PBXBuildFile section */

/* Begin PBXContainerItemProxy section */
		5E1656B5287CD8A4002577D3 /* PBXContainerItemProxy */ = {
			isa = PBXContainerItemProxy;
			containerPortal = 5E165697287CD8A2002577D3 /* Project object */;
			proxyType = 1;
			remoteGlobalIDString = 5E16569E287CD8A2002577D3;
			remoteInfo = "RetroAccess App";
		};
		5E1656BF287CD8A4002577D3 /* PBXContainerItemProxy */ = {
			isa = PBXContainerItemProxy;
			containerPortal = 5E165697287CD8A2002577D3 /* Project object */;
			proxyType = 1;
			remoteGlobalIDString = 5E16569E287CD8A2002577D3;
			remoteInfo = "RetroAccess App";
		};
/* End PBXContainerItemProxy section */

/* Begin PBXFileReference section */
		5E16569F287CD8A2002577D3 /* RetroAccess App.app */ = {isa = PBXFileReference; explicitFileType = wrapper.application; includeInIndex = 0; path = "RetroAccess App.app"; sourceTree = BUILT_PRODUCTS_DIR; };
		5E1656A2287CD8A2002577D3 /* AppDelegate.swift */ = {isa = PBXFileReference; lastKnownFileType = sourcecode.swift; path = AppDelegate.swift; sourceTree = "<group>"; };
		5E1656A4287CD8A2002577D3 /* ViewController.swift */ = {isa = PBXFileReference; lastKnownFileType = sourcecode.swift; path = ViewController.swift; sourceTree = "<group>"; };
		5E1656A6287CD8A2002577D3 /* Experience.rcproject */ = {isa = PBXFileReference; lastKnownFileType = file.rcproject; path = Experience.rcproject; sourceTree = "<group>"; };
		5E1656A9287CD8A2002577D3 /* Base */ = {isa = PBXFileReference; lastKnownFileType = file.storyboard; name = Base; path = Base.lproj/Main.storyboard; sourceTree = "<group>"; };
		5E1656AB287CD8A4002577D3 /* Assets.xcassets */ = {isa = PBXFileReference; lastKnownFileType = folder.assetcatalog; path = Assets.xcassets; sourceTree = "<group>"; };
		5E1656AE287CD8A4002577D3 /* Base */ = {isa = PBXFileReference; lastKnownFileType = file.storyboard; name = Base; path = Base.lproj/LaunchScreen.storyboard; sourceTree = "<group>"; };
		5E1656B4287CD8A4002577D3 /* RetroAccess AppTests.xctest */ = {isa = PBXFileReference; explicitFileType = wrapper.cfbundle; includeInIndex = 0; path = "RetroAccess AppTests.xctest"; sourceTree = BUILT_PRODUCTS_DIR; };
		5E1656B8287CD8A4002577D3 /* RetroAccess_AppTests.swift */ = {isa = PBXFileReference; lastKnownFileType = sourcecode.swift; path = RetroAccess_AppTests.swift; sourceTree = "<group>"; };
		5E1656BE287CD8A4002577D3 /* RetroAccess AppUITests.xctest */ = {isa = PBXFileReference; explicitFileType = wrapper.cfbundle; includeInIndex = 0; path = "RetroAccess AppUITests.xctest"; sourceTree = BUILT_PRODUCTS_DIR; };
		5E1656C2287CD8A4002577D3 /* RetroAccess_AppUITests.swift */ = {isa = PBXFileReference; lastKnownFileType = sourcecode.swift; path = RetroAccess_AppUITests.swift; sourceTree = "<group>"; };
		5E1656C4287CD8A4002577D3 /* RetroAccess_AppUITestsLaunchTests.swift */ = {isa = PBXFileReference; lastKnownFileType = sourcecode.swift; path = RetroAccess_AppUITestsLaunchTests.swift; sourceTree = "<group>"; };
		5E1656D1287CE6AA002577D3 /* RoomObjectReplicator.swift */ = {isa = PBXFileReference; fileEncoding = 4; lastKnownFileType = sourcecode.swift; path = RoomObjectReplicator.swift; sourceTree = "<group>"; };
		5E1656D2287CE6AA002577D3 /* RoomObjectSystem.swift */ = {isa = PBXFileReference; fileEncoding = 4; lastKnownFileType = sourcecode.swift; path = RoomObjectSystem.swift; sourceTree = "<group>"; };
		5E1656D5287CE901002577D3 /* Filter.swift */ = {isa = PBXFileReference; lastKnownFileType = sourcecode.swift; path = Filter.swift; sourceTree = "<group>"; };
		5E1656D7287CE916002577D3 /* AccessibilityIssue.swift */ = {isa = PBXFileReference; lastKnownFileType = sourcecode.swift; path = AccessibilityIssue.swift; sourceTree = "<group>"; };
		5E1656DC28877AD1002577D3 /* Rubrics.json */ = {isa = PBXFileReference; fileEncoding = 4; lastKnownFileType = text.json; path = Rubrics.json; sourceTree = "<group>"; };
		5E1656DE2888D514002577D3 /* Situation.swift */ = {isa = PBXFileReference; lastKnownFileType = sourcecode.swift; path = Situation.swift; sourceTree = "<group>"; };
		5E1656E42890A306002577D3 /* OnboardViewController.swift */ = {isa = PBXFileReference; lastKnownFileType = sourcecode.swift; path = OnboardViewController.swift; sourceTree = "<group>"; };
		5E1656E62891F8E8002577D3 /* Settings.swift */ = {isa = PBXFileReference; lastKnownFileType = sourcecode.swift; path = Settings.swift; sourceTree = "<group>"; };
		5E1656E82892010D002577D3 /* Old_Rubrics.md */ = {isa = PBXFileReference; lastKnownFileType = net.daringfireball.markdown; path = Old_Rubrics.md; sourceTree = "<group>"; };
		5E1656E9289B8E13002577D3 /* NotifyingEntity.swift */ = {isa = PBXFileReference; lastKnownFileType = sourcecode.swift; path = NotifyingEntity.swift; sourceTree = "<group>"; };
		5E16572828AC62CE002577D3 /* RoomObjectClasses.swift */ = {isa = PBXFileReference; lastKnownFileType = sourcecode.swift; path = RoomObjectClasses.swift; sourceTree = "<group>"; };
		5E16572A28ACBDD8002577D3 /* IssueLayer.swift */ = {isa = PBXFileReference; lastKnownFileType = sourcecode.swift; path = IssueLayer.swift; sourceTree = "<group>"; };
		5E3FB25E28ECEA8100281359 /* CheckBox.swift */ = {isa = PBXFileReference; lastKnownFileType = sourcecode.swift; path = CheckBox.swift; sourceTree = "<group>"; };
		5E3FB26028ECF03C00281359 /* Living Room.jpg */ = {isa = PBXFileReference; lastKnownFileType = image.jpeg; path = "Living Room.jpg"; sourceTree = "<group>"; };
		5E3FB26228ED0A1900281359 /* Children.png */ = {isa = PBXFileReference; lastKnownFileType = image.png; path = Children.png; sourceTree = "<group>"; };
		5E3FB26428ED0A2600281359 /* BLV.png */ = {isa = PBXFileReference; lastKnownFileType = image.png; path = BLV.png; sourceTree = "<group>"; };
		5E3FB26628ED0A3800281359 /* Senior.png */ = {isa = PBXFileReference; lastKnownFileType = image.png; path = Senior.png; sourceTree = "<group>"; };
		5E3FB26828ED0A4600281359 /* Wheelchair.png */ = {isa = PBXFileReference; lastKnownFileType = image.png; path = Wheelchair.png; sourceTree = "<group>"; };
		5E3FB26B28ED58F800281359 /* Globe 3D Model.obj */ = {isa = PBXFileReference; fileEncoding = 4; lastKnownFileType = text; path = "Globe 3D Model.obj"; sourceTree = "<group>"; };
		5E3FB26C28ED58F800281359 /* Globe 3D Model.mtl */ = {isa = PBXFileReference; fileEncoding = 4; lastKnownFileType = text; path = "Globe 3D Model.mtl"; sourceTree = "<group>"; };
		5E3FB27528EE418800281359 /* Wireframe_3D_Globe.scn */ = {isa = PBXFileReference; lastKnownFileType = file.bplist; path = Wireframe_3D_Globe.scn; sourceTree = "<group>"; };
		5E3FB27728EE433F00281359 /* Wireframe_3D_Globe.usdz */ = {isa = PBXFileReference; lastKnownFileType = file.usdz; path = Wireframe_3D_Globe.usdz; sourceTree = "<group>"; };
		5E3FB27928EEAEAF00281359 /* QuickLookPreviewController.swift */ = {isa = PBXFileReference; lastKnownFileType = sourcecode.swift; path = QuickLookPreviewController.swift; sourceTree = "<group>"; };
		5E3FB27C28EEC34500281359 /* RoomPlan.framework */ = {isa = PBXFileReference; lastKnownFileType = wrapper.framework; name = RoomPlan.framework; path = System/Library/Frameworks/RoomPlan.framework; sourceTree = SDKROOT; };
		5E8502EF28DE6CA200FA3F01 /* YOLOResizer.swift */ = {isa = PBXFileReference; lastKnownFileType = sourcecode.swift; path = YOLOResizer.swift; sourceTree = "<group>"; };
		5EB83FA128BD687E00263575 /* YOLO.swift */ = {isa = PBXFileReference; fileEncoding = 4; lastKnownFileType = sourcecode.swift; path = YOLO.swift; sourceTree = "<group>"; };
		5EB83FA428BD687E00263575 /* VideoCapture.swift */ = {isa = PBXFileReference; fileEncoding = 4; lastKnownFileType = sourcecode.swift; path = VideoCapture.swift; sourceTree = "<group>"; };
		5EB83FA528BD687E00263575 /* yolov4.mlpackage */ = {isa = PBXFileReference; lastKnownFileType = folder.mlpackage; path = yolov4.mlpackage; sourceTree = "<group>"; };
		5EB83FA628BD687E00263575 /* YOLO4Tiny.swift */ = {isa = PBXFileReference; fileEncoding = 4; lastKnownFileType = sourcecode.swift; path = YOLO4Tiny.swift; sourceTree = "<group>"; };
		5EB83FA728BD687E00263575 /* UIImage+CVPixelBuffer.swift */ = {isa = PBXFileReference; fileEncoding = 4; lastKnownFileType = sourcecode.swift; path = "UIImage+CVPixelBuffer.swift"; sourceTree = "<group>"; };
		5EB83FA828BD687F00263575 /* yolov4_final.mlpackage */ = {isa = PBXFileReference; lastKnownFileType = folder.mlpackage; path = yolov4_final.mlpackage; sourceTree = "<group>"; };
		5EB83FA928BD687F00263575 /* CVPiexlBuffer+Helpers.swift */ = {isa = PBXFileReference; fileEncoding = 4; lastKnownFileType = sourcecode.swift; path = "CVPiexlBuffer+Helpers.swift"; sourceTree = "<group>"; };
		5EB83FAA28BD687F00263575 /* Helpers.swift */ = {isa = PBXFileReference; fileEncoding = 4; lastKnownFileType = sourcecode.swift; path = Helpers.swift; sourceTree = "<group>"; };
		5EB83FAB28BD687F00263575 /* BoundingBox.swift */ = {isa = PBXFileReference; fileEncoding = 4; lastKnownFileType = sourcecode.swift; path = BoundingBox.swift; sourceTree = "<group>"; };
		5EB83FB728C3FB3500263575 /* Rubrics_mini.json */ = {isa = PBXFileReference; fileEncoding = 4; lastKnownFileType = text.json; path = Rubrics_mini.json; sourceTree = "<group>"; };
		5EB83FBC28C72DD800263575 /* PDFCreator.swift */ = {isa = PBXFileReference; fileEncoding = 4; lastKnownFileType = sourcecode.swift; path = PDFCreator.swift; sourceTree = "<group>"; };
		5EB83FC028C733C900263575 /* PDFPreviewController.swift */ = {isa = PBXFileReference; lastKnownFileType = sourcecode.swift; path = PDFPreviewController.swift; sourceTree = "<group>"; };
		5EB83FC228C84D8300263575 /* yolov4_final_9_classes.mlpackage */ = {isa = PBXFileReference; lastKnownFileType = folder.mlpackage; path = yolov4_final_9_classes.mlpackage; sourceTree = "<group>"; };
		5EC42017294D4420004F4E88 /* SCNViewController.swift */ = {isa = PBXFileReference; lastKnownFileType = sourcecode.swift; path = SCNViewController.swift; sourceTree = "<group>"; };
/* End PBXFileReference section */

/* Begin PBXFrameworksBuildPhase section */
		5E16569C287CD8A2002577D3 /* Frameworks */ = {
			isa = PBXFrameworksBuildPhase;
			buildActionMask = 2147483647;
			files = (
				5E3FB27D28EEC34500281359 /* RoomPlan.framework in Frameworks */,
			);
			runOnlyForDeploymentPostprocessing = 0;
		};
		5E1656B1287CD8A4002577D3 /* Frameworks */ = {
			isa = PBXFrameworksBuildPhase;
			buildActionMask = 2147483647;
			files = (
			);
			runOnlyForDeploymentPostprocessing = 0;
		};
		5E1656BB287CD8A4002577D3 /* Frameworks */ = {
			isa = PBXFrameworksBuildPhase;
			buildActionMask = 2147483647;
			files = (
			);
			runOnlyForDeploymentPostprocessing = 0;
		};
/* End PBXFrameworksBuildPhase section */

/* Begin PBXGroup section */
		5E165696287CD8A2002577D3 = {
			isa = PBXGroup;
			children = (
				5E1656A1287CD8A2002577D3 /* RetroAccess App */,
				5E1656B7287CD8A4002577D3 /* RetroAccess AppTests */,
				5E1656C1287CD8A4002577D3 /* RetroAccess AppUITests */,
				5E1656A0287CD8A2002577D3 /* Products */,
				5E3FB27B28EEC34500281359 /* Frameworks */,
			);
			sourceTree = "<group>";
		};
		5E1656A0287CD8A2002577D3 /* Products */ = {
			isa = PBXGroup;
			children = (
				5E16569F287CD8A2002577D3 /* RetroAccess App.app */,
				5E1656B4287CD8A4002577D3 /* RetroAccess AppTests.xctest */,
				5E1656BE287CD8A4002577D3 /* RetroAccess AppUITests.xctest */,
			);
			name = Products;
			sourceTree = "<group>";
		};
		5E1656A1287CD8A2002577D3 /* RetroAccess App */ = {
			isa = PBXGroup;
			children = (
				5E3FB26A28ED58CF00281359 /* ARObjects */,
				5E8502F128DFA3EB00FA3F01 /* UI */,
				5EB83FBB28C3FBE600263575 /* AccessibilityIssue */,
				5EB83FBA28C3FB5E00263575 /* RoomObjectSystem */,
				5EB83FB928C3FB4100263575 /* Rubrics */,
				5EB83FA028BD685400263575 /* YOLOv4 */,
				5E1656A2287CD8A2002577D3 /* AppDelegate.swift */,
				5E1656A6287CD8A2002577D3 /* Experience.rcproject */,
				5E1656A8287CD8A2002577D3 /* Main.storyboard */,
				5E1656AB287CD8A4002577D3 /* Assets.xcassets */,
				5E1656AD287CD8A4002577D3 /* LaunchScreen.storyboard */,
				5E1656E62891F8E8002577D3 /* Settings.swift */,
			);
			path = "RetroAccess App";
			sourceTree = "<group>";
		};
		5E1656B7287CD8A4002577D3 /* RetroAccess AppTests */ = {
			isa = PBXGroup;
			children = (
				5E1656B8287CD8A4002577D3 /* RetroAccess_AppTests.swift */,
			);
			path = "RetroAccess AppTests";
			sourceTree = "<group>";
		};
		5E1656C1287CD8A4002577D3 /* RetroAccess AppUITests */ = {
			isa = PBXGroup;
			children = (
				5E1656C2287CD8A4002577D3 /* RetroAccess_AppUITests.swift */,
				5E1656C4287CD8A4002577D3 /* RetroAccess_AppUITestsLaunchTests.swift */,
			);
			path = "RetroAccess AppUITests";
			sourceTree = "<group>";
		};
		5E3FB26A28ED58CF00281359 /* ARObjects */ = {
			isa = PBXGroup;
			children = (
				5E3FB27728EE433F00281359 /* Wireframe_3D_Globe.usdz */,
				5E3FB27528EE418800281359 /* Wireframe_3D_Globe.scn */,
				5E3FB26C28ED58F800281359 /* Globe 3D Model.mtl */,
				5E3FB26B28ED58F800281359 /* Globe 3D Model.obj */,
				5E1656E9289B8E13002577D3 /* NotifyingEntity.swift */,
			);
			path = ARObjects;
			sourceTree = "<group>";
		};
		5E3FB27B28EEC34500281359 /* Frameworks */ = {
			isa = PBXGroup;
			children = (
				5E3FB27C28EEC34500281359 /* RoomPlan.framework */,
			);
			name = Frameworks;
			sourceTree = "<group>";
		};
		5E8502F128DFA3EB00FA3F01 /* UI */ = {
			isa = PBXGroup;
			children = (
				5E3FB26828ED0A4600281359 /* Wheelchair.png */,
				5E3FB26628ED0A3800281359 /* Senior.png */,
				5E3FB26428ED0A2600281359 /* BLV.png */,
				5E3FB26228ED0A1900281359 /* Children.png */,
				5E3FB26028ECF03C00281359 /* Living Room.jpg */,
				5E1656A4287CD8A2002577D3 /* ViewController.swift */,
				5E1656E42890A306002577D3 /* OnboardViewController.swift */,
				5E16572A28ACBDD8002577D3 /* IssueLayer.swift */,
				5EB83FBC28C72DD800263575 /* PDFCreator.swift */,
				5EB83FC028C733C900263575 /* PDFPreviewController.swift */,
				5E3FB25E28ECEA8100281359 /* CheckBox.swift */,
				5E3FB27928EEAEAF00281359 /* QuickLookPreviewController.swift */,
				5EC42017294D4420004F4E88 /* SCNViewController.swift */,
			);
			path = UI;
			sourceTree = "<group>";
		};
		5EB83FA028BD685400263575 /* YOLOv4 */ = {
			isa = PBXGroup;
			children = (
				5EB83FAB28BD687F00263575 /* BoundingBox.swift */,
				5EB83FA928BD687F00263575 /* CVPiexlBuffer+Helpers.swift */,
				5EB83FAA28BD687F00263575 /* Helpers.swift */,
				5EB83FA728BD687E00263575 /* UIImage+CVPixelBuffer.swift */,
				5EB83FA428BD687E00263575 /* VideoCapture.swift */,
				5EB83FA128BD687E00263575 /* YOLO.swift */,
				5EB83FA628BD687E00263575 /* YOLO4Tiny.swift */,
				5EB83FC228C84D8300263575 /* yolov4_final_9_classes.mlpackage */,
				5EB83FA828BD687F00263575 /* yolov4_final.mlpackage */,
				5EB83FA528BD687E00263575 /* yolov4.mlpackage */,
				5E8502EF28DE6CA200FA3F01 /* YOLOResizer.swift */,
			);
			path = YOLOv4;
			sourceTree = "<group>";
		};
		5EB83FB928C3FB4100263575 /* Rubrics */ = {
			isa = PBXGroup;
			children = (
				5E1656DC28877AD1002577D3 /* Rubrics.json */,
				5E1656E82892010D002577D3 /* Old_Rubrics.md */,
				5EB83FB728C3FB3500263575 /* Rubrics_mini.json */,
			);
			path = Rubrics;
			sourceTree = "<group>";
		};
		5EB83FBA28C3FB5E00263575 /* RoomObjectSystem */ = {
			isa = PBXGroup;
			children = (
				5E1656D2287CE6AA002577D3 /* RoomObjectSystem.swift */,
				5E16572828AC62CE002577D3 /* RoomObjectClasses.swift */,
				5E1656D1287CE6AA002577D3 /* RoomObjectReplicator.swift */,
			);
			path = RoomObjectSystem;
			sourceTree = "<group>";
		};
		5EB83FBB28C3FBE600263575 /* AccessibilityIssue */ = {
			isa = PBXGroup;
			children = (
				5E1656DE2888D514002577D3 /* Situation.swift */,
				5E1656D5287CE901002577D3 /* Filter.swift */,
				5E1656D7287CE916002577D3 /* AccessibilityIssue.swift */,
			);
			path = AccessibilityIssue;
			sourceTree = "<group>";
		};
/* End PBXGroup section */

/* Begin PBXNativeTarget section */
		5E16569E287CD8A2002577D3 /* RetroAccess App */ = {
			isa = PBXNativeTarget;
			buildConfigurationList = 5E1656C8287CD8A4002577D3 /* Build configuration list for PBXNativeTarget "RetroAccess App" */;
			buildPhases = (
				5E16569B287CD8A2002577D3 /* Sources */,
				5E16569C287CD8A2002577D3 /* Frameworks */,
				5E16569D287CD8A2002577D3 /* Resources */,
			);
			buildRules = (
			);
			dependencies = (
			);
			name = "RetroAccess App";
			productName = "RetroAccess App";
			productReference = 5E16569F287CD8A2002577D3 /* RetroAccess App.app */;
			productType = "com.apple.product-type.application";
		};
		5E1656B3287CD8A4002577D3 /* RetroAccess AppTests */ = {
			isa = PBXNativeTarget;
			buildConfigurationList = 5E1656CB287CD8A4002577D3 /* Build configuration list for PBXNativeTarget "RetroAccess AppTests" */;
			buildPhases = (
				5E1656B0287CD8A4002577D3 /* Sources */,
				5E1656B1287CD8A4002577D3 /* Frameworks */,
				5E1656B2287CD8A4002577D3 /* Resources */,
			);
			buildRules = (
			);
			dependencies = (
				5E1656B6287CD8A4002577D3 /* PBXTargetDependency */,
			);
			name = "RetroAccess AppTests";
			productName = "RetroAccess AppTests";
			productReference = 5E1656B4287CD8A4002577D3 /* RetroAccess AppTests.xctest */;
			productType = "com.apple.product-type.bundle.unit-test";
		};
		5E1656BD287CD8A4002577D3 /* RetroAccess AppUITests */ = {
			isa = PBXNativeTarget;
			buildConfigurationList = 5E1656CE287CD8A4002577D3 /* Build configuration list for PBXNativeTarget "RetroAccess AppUITests" */;
			buildPhases = (
				5E1656BA287CD8A4002577D3 /* Sources */,
				5E1656BB287CD8A4002577D3 /* Frameworks */,
				5E1656BC287CD8A4002577D3 /* Resources */,
			);
			buildRules = (
			);
			dependencies = (
				5E1656C0287CD8A4002577D3 /* PBXTargetDependency */,
			);
			name = "RetroAccess AppUITests";
			productName = "RetroAccess AppUITests";
			productReference = 5E1656BE287CD8A4002577D3 /* RetroAccess AppUITests.xctest */;
			productType = "com.apple.product-type.bundle.ui-testing";
		};
/* End PBXNativeTarget section */

/* Begin PBXProject section */
		5E165697287CD8A2002577D3 /* Project object */ = {
			isa = PBXProject;
			attributes = {
				BuildIndependentTargetsInParallel = 1;
				LastSwiftUpdateCheck = 1400;
				LastUpgradeCheck = 1400;
				TargetAttributes = {
					5E16569E287CD8A2002577D3 = {
						CreatedOnToolsVersion = 14.0;
					};
					5E1656B3287CD8A4002577D3 = {
						CreatedOnToolsVersion = 14.0;
						TestTargetID = 5E16569E287CD8A2002577D3;
					};
					5E1656BD287CD8A4002577D3 = {
						CreatedOnToolsVersion = 14.0;
						TestTargetID = 5E16569E287CD8A2002577D3;
					};
				};
			};
			buildConfigurationList = 5E16569A287CD8A2002577D3 /* Build configuration list for PBXProject "RetroAccess App" */;
			compatibilityVersion = "Xcode 14.0";
			developmentRegion = en;
			hasScannedForEncodings = 0;
			knownRegions = (
				en,
				Base,
			);
			mainGroup = 5E165696287CD8A2002577D3;
			productRefGroup = 5E1656A0287CD8A2002577D3 /* Products */;
			projectDirPath = "";
			projectRoot = "";
			targets = (
				5E16569E287CD8A2002577D3 /* RetroAccess App */,
				5E1656B3287CD8A4002577D3 /* RetroAccess AppTests */,
				5E1656BD287CD8A4002577D3 /* RetroAccess AppUITests */,
			);
		};
/* End PBXProject section */

/* Begin PBXResourcesBuildPhase section */
		5E16569D287CD8A2002577D3 /* Resources */ = {
			isa = PBXResourcesBuildPhase;
			buildActionMask = 2147483647;
			files = (
				5E3FB27628EE418800281359 /* Wireframe_3D_Globe.scn in Resources */,
				5E1656AF287CD8A4002577D3 /* LaunchScreen.storyboard in Resources */,
				5E3FB26D28ED58F800281359 /* Globe 3D Model.obj in Resources */,
				5E3FB26E28ED58F800281359 /* Globe 3D Model.mtl in Resources */,
				5EB83FB828C3FB3500263575 /* Rubrics_mini.json in Resources */,
				5E3FB26728ED0A3800281359 /* Senior.png in Resources */,
				5E1656AC287CD8A4002577D3 /* Assets.xcassets in Resources */,
				5E3FB26328ED0A1900281359 /* Children.png in Resources */,
				5E1656DD28877AD1002577D3 /* Rubrics.json in Resources */,
				5E3FB26128ECF03C00281359 /* Living Room.jpg in Resources */,
				5E3FB26528ED0A2600281359 /* BLV.png in Resources */,
				5E1656AA287CD8A2002577D3 /* Main.storyboard in Resources */,
				5E3FB26928ED0A4600281359 /* Wheelchair.png in Resources */,
				5E3FB27828EE433F00281359 /* Wireframe_3D_Globe.usdz in Resources */,
			);
			runOnlyForDeploymentPostprocessing = 0;
		};
		5E1656B2287CD8A4002577D3 /* Resources */ = {
			isa = PBXResourcesBuildPhase;
			buildActionMask = 2147483647;
			files = (
			);
			runOnlyForDeploymentPostprocessing = 0;
		};
		5E1656BC287CD8A4002577D3 /* Resources */ = {
			isa = PBXResourcesBuildPhase;
			buildActionMask = 2147483647;
			files = (
			);
			runOnlyForDeploymentPostprocessing = 0;
		};
/* End PBXResourcesBuildPhase section */

/* Begin PBXSourcesBuildPhase section */
		5E16569B287CD8A2002577D3 /* Sources */ = {
			isa = PBXSourcesBuildPhase;
			buildActionMask = 2147483647;
			files = (
				5E1656EA289B8E13002577D3 /* NotifyingEntity.swift in Sources */,
				5EB83FB328BD687F00263575 /* yolov4_final.mlpackage in Sources */,
				5EB83FBD28C72DD800263575 /* PDFCreator.swift in Sources */,
				5E16572928AC62CE002577D3 /* RoomObjectClasses.swift in Sources */,
				5EB83FB628BD687F00263575 /* BoundingBox.swift in Sources */,
				5EB83FC128C733C900263575 /* PDFPreviewController.swift in Sources */,
				5EB83FB128BD687F00263575 /* YOLO4Tiny.swift in Sources */,
				5EB83FB528BD687F00263575 /* Helpers.swift in Sources */,
				5E1656E52890A306002577D3 /* OnboardViewController.swift in Sources */,
				5E1656D6287CE901002577D3 /* Filter.swift in Sources */,
				5E1656A5287CD8A2002577D3 /* ViewController.swift in Sources */,
				5E3FB25F28ECEA8100281359 /* CheckBox.swift in Sources */,
				5EB83FB228BD687F00263575 /* UIImage+CVPixelBuffer.swift in Sources */,
				5E1656DF2888D514002577D3 /* Situation.swift in Sources */,
				5E1656A3287CD8A2002577D3 /* AppDelegate.swift in Sources */,
				5EC42018294D4420004F4E88 /* SCNViewController.swift in Sources */,
				5EB83FC328C84D8300263575 /* yolov4_final_9_classes.mlpackage in Sources */,
				5EB83FAC28BD687F00263575 /* YOLO.swift in Sources */,
				5E1656D3287CE6AA002577D3 /* RoomObjectReplicator.swift in Sources */,
				5E1656D4287CE6AA002577D3 /* RoomObjectSystem.swift in Sources */,
				5E1656D8287CE916002577D3 /* AccessibilityIssue.swift in Sources */,
				5EB83FAF28BD687F00263575 /* VideoCapture.swift in Sources */,
				5E1656E72891F8E8002577D3 /* Settings.swift in Sources */,
				5E8502F028DE6CA200FA3F01 /* YOLOResizer.swift in Sources */,
				5EB83FB028BD687F00263575 /* yolov4.mlpackage in Sources */,
				5E1656A7287CD8A2002577D3 /* Experience.rcproject in Sources */,
				5EB83FB428BD687F00263575 /* CVPiexlBuffer+Helpers.swift in Sources */,
				5E3FB27A28EEAEAF00281359 /* QuickLookPreviewController.swift in Sources */,
				5E16572B28ACBDD8002577D3 /* IssueLayer.swift in Sources */,
			);
			runOnlyForDeploymentPostprocessing = 0;
		};
		5E1656B0287CD8A4002577D3 /* Sources */ = {
			isa = PBXSourcesBuildPhase;
			buildActionMask = 2147483647;
			files = (
				5E1656B9287CD8A4002577D3 /* RetroAccess_AppTests.swift in Sources */,
			);
			runOnlyForDeploymentPostprocessing = 0;
		};
		5E1656BA287CD8A4002577D3 /* Sources */ = {
			isa = PBXSourcesBuildPhase;
			buildActionMask = 2147483647;
			files = (
				5E1656C3287CD8A4002577D3 /* RetroAccess_AppUITests.swift in Sources */,
				5E1656C5287CD8A4002577D3 /* RetroAccess_AppUITestsLaunchTests.swift in Sources */,
			);
			runOnlyForDeploymentPostprocessing = 0;
		};
/* End PBXSourcesBuildPhase section */

/* Begin PBXTargetDependency section */
		5E1656B6287CD8A4002577D3 /* PBXTargetDependency */ = {
			isa = PBXTargetDependency;
			target = 5E16569E287CD8A2002577D3 /* RetroAccess App */;
			targetProxy = 5E1656B5287CD8A4002577D3 /* PBXContainerItemProxy */;
		};
		5E1656C0287CD8A4002577D3 /* PBXTargetDependency */ = {
			isa = PBXTargetDependency;
			target = 5E16569E287CD8A2002577D3 /* RetroAccess App */;
			targetProxy = 5E1656BF287CD8A4002577D3 /* PBXContainerItemProxy */;
		};
/* End PBXTargetDependency section */

/* Begin PBXVariantGroup section */
		5E1656A8287CD8A2002577D3 /* Main.storyboard */ = {
			isa = PBXVariantGroup;
			children = (
				5E1656A9287CD8A2002577D3 /* Base */,
			);
			name = Main.storyboard;
			sourceTree = "<group>";
		};
		5E1656AD287CD8A4002577D3 /* LaunchScreen.storyboard */ = {
			isa = PBXVariantGroup;
			children = (
				5E1656AE287CD8A4002577D3 /* Base */,
			);
			name = LaunchScreen.storyboard;
			sourceTree = "<group>";
		};
/* End PBXVariantGroup section */

/* Begin XCBuildConfiguration section */
		5E1656C6287CD8A4002577D3 /* Debug */ = {
			isa = XCBuildConfiguration;
			buildSettings = {
				ALWAYS_SEARCH_USER_PATHS = NO;
				CLANG_ANALYZER_NONNULL = YES;
				CLANG_ANALYZER_NUMBER_OBJECT_CONVERSION = YES_AGGRESSIVE;
				CLANG_CXX_LANGUAGE_STANDARD = "gnu++17";
				CLANG_ENABLE_MODULES = YES;
				CLANG_ENABLE_OBJC_ARC = YES;
				CLANG_ENABLE_OBJC_WEAK = YES;
				CLANG_WARN_BLOCK_CAPTURE_AUTORELEASING = YES;
				CLANG_WARN_BOOL_CONVERSION = YES;
				CLANG_WARN_COMMA = YES;
				CLANG_WARN_CONSTANT_CONVERSION = YES;
				CLANG_WARN_DEPRECATED_OBJC_IMPLEMENTATIONS = YES;
				CLANG_WARN_DIRECT_OBJC_ISA_USAGE = YES_ERROR;
				CLANG_WARN_DOCUMENTATION_COMMENTS = YES;
				CLANG_WARN_EMPTY_BODY = YES;
				CLANG_WARN_ENUM_CONVERSION = YES;
				CLANG_WARN_INFINITE_RECURSION = YES;
				CLANG_WARN_INT_CONVERSION = YES;
				CLANG_WARN_NON_LITERAL_NULL_CONVERSION = YES;
				CLANG_WARN_OBJC_IMPLICIT_RETAIN_SELF = YES;
				CLANG_WARN_OBJC_LITERAL_CONVERSION = YES;
				CLANG_WARN_OBJC_ROOT_CLASS = YES_ERROR;
				CLANG_WARN_QUOTED_INCLUDE_IN_FRAMEWORK_HEADER = YES;
				CLANG_WARN_RANGE_LOOP_ANALYSIS = YES;
				CLANG_WARN_STRICT_PROTOTYPES = YES;
				CLANG_WARN_SUSPICIOUS_MOVE = YES;
				CLANG_WARN_UNGUARDED_AVAILABILITY = YES_AGGRESSIVE;
				CLANG_WARN_UNREACHABLE_CODE = YES;
				CLANG_WARN__DUPLICATE_METHOD_MATCH = YES;
				COPY_PHASE_STRIP = NO;
				DEBUG_INFORMATION_FORMAT = dwarf;
				ENABLE_STRICT_OBJC_MSGSEND = YES;
				ENABLE_TESTABILITY = YES;
				GCC_C_LANGUAGE_STANDARD = gnu11;
				GCC_DYNAMIC_NO_PIC = NO;
				GCC_NO_COMMON_BLOCKS = YES;
				GCC_OPTIMIZATION_LEVEL = 0;
				GCC_PREPROCESSOR_DEFINITIONS = (
					"DEBUG=1",
					"$(inherited)",
				);
				GCC_WARN_64_TO_32_BIT_CONVERSION = YES;
				GCC_WARN_ABOUT_RETURN_TYPE = YES_ERROR;
				GCC_WARN_UNDECLARED_SELECTOR = YES;
				GCC_WARN_UNINITIALIZED_AUTOS = YES_AGGRESSIVE;
				GCC_WARN_UNUSED_FUNCTION = YES;
				GCC_WARN_UNUSED_VARIABLE = YES;
				IPHONEOS_DEPLOYMENT_TARGET = 16.0;
				MTL_ENABLE_DEBUG_INFO = INCLUDE_SOURCE;
				MTL_FAST_MATH = YES;
				ONLY_ACTIVE_ARCH = YES;
				SDKROOT = iphoneos;
				SWIFT_ACTIVE_COMPILATION_CONDITIONS = DEBUG;
				SWIFT_OPTIMIZATION_LEVEL = "-Onone";
			};
			name = Debug;
		};
		5E1656C7287CD8A4002577D3 /* Release */ = {
			isa = XCBuildConfiguration;
			buildSettings = {
				ALWAYS_SEARCH_USER_PATHS = NO;
				CLANG_ANALYZER_NONNULL = YES;
				CLANG_ANALYZER_NUMBER_OBJECT_CONVERSION = YES_AGGRESSIVE;
				CLANG_CXX_LANGUAGE_STANDARD = "gnu++17";
				CLANG_ENABLE_MODULES = YES;
				CLANG_ENABLE_OBJC_ARC = YES;
				CLANG_ENABLE_OBJC_WEAK = YES;
				CLANG_WARN_BLOCK_CAPTURE_AUTORELEASING = YES;
				CLANG_WARN_BOOL_CONVERSION = YES;
				CLANG_WARN_COMMA = YES;
				CLANG_WARN_CONSTANT_CONVERSION = YES;
				CLANG_WARN_DEPRECATED_OBJC_IMPLEMENTATIONS = YES;
				CLANG_WARN_DIRECT_OBJC_ISA_USAGE = YES_ERROR;
				CLANG_WARN_DOCUMENTATION_COMMENTS = YES;
				CLANG_WARN_EMPTY_BODY = YES;
				CLANG_WARN_ENUM_CONVERSION = YES;
				CLANG_WARN_INFINITE_RECURSION = YES;
				CLANG_WARN_INT_CONVERSION = YES;
				CLANG_WARN_NON_LITERAL_NULL_CONVERSION = YES;
				CLANG_WARN_OBJC_IMPLICIT_RETAIN_SELF = YES;
				CLANG_WARN_OBJC_LITERAL_CONVERSION = YES;
				CLANG_WARN_OBJC_ROOT_CLASS = YES_ERROR;
				CLANG_WARN_QUOTED_INCLUDE_IN_FRAMEWORK_HEADER = YES;
				CLANG_WARN_RANGE_LOOP_ANALYSIS = YES;
				CLANG_WARN_STRICT_PROTOTYPES = YES;
				CLANG_WARN_SUSPICIOUS_MOVE = YES;
				CLANG_WARN_UNGUARDED_AVAILABILITY = YES_AGGRESSIVE;
				CLANG_WARN_UNREACHABLE_CODE = YES;
				CLANG_WARN__DUPLICATE_METHOD_MATCH = YES;
				COPY_PHASE_STRIP = NO;
				DEBUG_INFORMATION_FORMAT = "dwarf-with-dsym";
				ENABLE_NS_ASSERTIONS = NO;
				ENABLE_STRICT_OBJC_MSGSEND = YES;
				GCC_C_LANGUAGE_STANDARD = gnu11;
				GCC_NO_COMMON_BLOCKS = YES;
				GCC_WARN_64_TO_32_BIT_CONVERSION = YES;
				GCC_WARN_ABOUT_RETURN_TYPE = YES_ERROR;
				GCC_WARN_UNDECLARED_SELECTOR = YES;
				GCC_WARN_UNINITIALIZED_AUTOS = YES_AGGRESSIVE;
				GCC_WARN_UNUSED_FUNCTION = YES;
				GCC_WARN_UNUSED_VARIABLE = YES;
				IPHONEOS_DEPLOYMENT_TARGET = 16.0;
				MTL_ENABLE_DEBUG_INFO = NO;
				MTL_FAST_MATH = YES;
				SDKROOT = iphoneos;
				SWIFT_COMPILATION_MODE = wholemodule;
				SWIFT_OPTIMIZATION_LEVEL = "-O";
				VALIDATE_PRODUCT = YES;
			};
			name = Release;
		};
		5E1656C9287CD8A4002577D3 /* Debug */ = {
			isa = XCBuildConfiguration;
			buildSettings = {
				ASSETCATALOG_COMPILER_APPICON_NAME = AppIcon;
				ASSETCATALOG_COMPILER_GLOBAL_ACCENT_COLOR_NAME = AccentColor;
				CODE_SIGN_IDENTITY = "Apple Development";
				CODE_SIGN_STYLE = Automatic;
				CURRENT_PROJECT_VERSION = 1;
				DEVELOPMENT_TEAM = T4GVUZVTFD;
				GENERATE_INFOPLIST_FILE = YES;
				INFOPLIST_KEY_LSApplicationCategoryType = "public.app-category.education";
				INFOPLIST_KEY_NSCameraUsageDescription = "";
				INFOPLIST_KEY_UIApplicationSupportsIndirectInputEvents = YES;
				INFOPLIST_KEY_UILaunchStoryboardName = LaunchScreen;
				INFOPLIST_KEY_UIMainStoryboardFile = Main;
				INFOPLIST_KEY_UIRequiredDeviceCapabilities = arkit;
				INFOPLIST_KEY_UIStatusBarHidden = YES;
				INFOPLIST_KEY_UISupportedInterfaceOrientations = UIInterfaceOrientationPortrait;
				LD_RUNPATH_SEARCH_PATHS = (
					"$(inherited)",
					"@executable_path/Frameworks",
				);
				MARKETING_VERSION = 0.1;
				PRODUCT_BUNDLE_IDENTIFIER = com.XiaSu.RetroAccess;
				PRODUCT_NAME = "$(TARGET_NAME)";
				PROVISIONING_PROFILE_SPECIFIER = "";
				SUPPORTED_PLATFORMS = "iphoneos iphonesimulator";
				SUPPORTS_MACCATALYST = NO;
				SUPPORTS_MAC_DESIGNED_FOR_IPHONE_IPAD = NO;
				SWIFT_EMIT_LOC_STRINGS = YES;
				SWIFT_VERSION = 5.0;
				TARGETED_DEVICE_FAMILY = 1;
			};
			name = Debug;
		};
		5E1656CA287CD8A4002577D3 /* Release */ = {
			isa = XCBuildConfiguration;
			buildSettings = {
				ASSETCATALOG_COMPILER_APPICON_NAME = AppIcon;
				ASSETCATALOG_COMPILER_GLOBAL_ACCENT_COLOR_NAME = AccentColor;
				CODE_SIGN_IDENTITY = "Apple Development";
				CODE_SIGN_STYLE = Automatic;
				CURRENT_PROJECT_VERSION = 1;
				DEVELOPMENT_TEAM = T4GVUZVTFD;
				GENERATE_INFOPLIST_FILE = YES;
				INFOPLIST_KEY_LSApplicationCategoryType = "public.app-category.education";
				INFOPLIST_KEY_NSCameraUsageDescription = "";
				INFOPLIST_KEY_UIApplicationSupportsIndirectInputEvents = YES;
				INFOPLIST_KEY_UILaunchStoryboardName = LaunchScreen;
				INFOPLIST_KEY_UIMainStoryboardFile = Main;
				INFOPLIST_KEY_UIRequiredDeviceCapabilities = arkit;
				INFOPLIST_KEY_UIStatusBarHidden = YES;
				INFOPLIST_KEY_UISupportedInterfaceOrientations = UIInterfaceOrientationPortrait;
				LD_RUNPATH_SEARCH_PATHS = (
					"$(inherited)",
					"@executable_path/Frameworks",
				);
				MARKETING_VERSION = 0.1;
				PRODUCT_BUNDLE_IDENTIFIER = com.XiaSu.RetroAccess;
				PRODUCT_NAME = "$(TARGET_NAME)";
				PROVISIONING_PROFILE_SPECIFIER = "";
				SUPPORTED_PLATFORMS = "iphoneos iphonesimulator";
				SUPPORTS_MACCATALYST = NO;
				SUPPORTS_MAC_DESIGNED_FOR_IPHONE_IPAD = NO;
				SWIFT_EMIT_LOC_STRINGS = YES;
				SWIFT_VERSION = 5.0;
				TARGETED_DEVICE_FAMILY = 1;
			};
			name = Release;
		};
		5E1656CC287CD8A4002577D3 /* Debug */ = {
			isa = XCBuildConfiguration;
			buildSettings = {
				ALWAYS_EMBED_SWIFT_STANDARD_LIBRARIES = YES;
				BUNDLE_LOADER = "$(TEST_HOST)";
				CODE_SIGN_STYLE = Automatic;
				CURRENT_PROJECT_VERSION = 1;
				DEVELOPMENT_TEAM = T4GVUZVTFD;
				GENERATE_INFOPLIST_FILE = YES;
				IPHONEOS_DEPLOYMENT_TARGET = 16.0;
				MARKETING_VERSION = 1.0;
				PRODUCT_BUNDLE_IDENTIFIER = "com.MakeabilityLab.RetroAccess-AppTests";
				PRODUCT_NAME = "$(TARGET_NAME)";
				SWIFT_EMIT_LOC_STRINGS = NO;
				SWIFT_VERSION = 5.0;
				TARGETED_DEVICE_FAMILY = "1,2";
				TEST_HOST = "$(BUILT_PRODUCTS_DIR)/RetroAccess App.app/$(BUNDLE_EXECUTABLE_FOLDER_PATH)/RetroAccess App";
			};
			name = Debug;
		};
		5E1656CD287CD8A4002577D3 /* Release */ = {
			isa = XCBuildConfiguration;
			buildSettings = {
				ALWAYS_EMBED_SWIFT_STANDARD_LIBRARIES = YES;
				BUNDLE_LOADER = "$(TEST_HOST)";
				CODE_SIGN_STYLE = Automatic;
				CURRENT_PROJECT_VERSION = 1;
				DEVELOPMENT_TEAM = T4GVUZVTFD;
				GENERATE_INFOPLIST_FILE = YES;
				IPHONEOS_DEPLOYMENT_TARGET = 16.0;
				MARKETING_VERSION = 1.0;
				PRODUCT_BUNDLE_IDENTIFIER = "com.MakeabilityLab.RetroAccess-AppTests";
				PRODUCT_NAME = "$(TARGET_NAME)";
				SWIFT_EMIT_LOC_STRINGS = NO;
				SWIFT_VERSION = 5.0;
				TARGETED_DEVICE_FAMILY = "1,2";
				TEST_HOST = "$(BUILT_PRODUCTS_DIR)/RetroAccess App.app/$(BUNDLE_EXECUTABLE_FOLDER_PATH)/RetroAccess App";
			};
			name = Release;
		};
		5E1656CF287CD8A4002577D3 /* Debug */ = {
			isa = XCBuildConfiguration;
			buildSettings = {
				ALWAYS_EMBED_SWIFT_STANDARD_LIBRARIES = YES;
				CODE_SIGN_STYLE = Automatic;
				CURRENT_PROJECT_VERSION = 1;
				DEVELOPMENT_TEAM = T4GVUZVTFD;
				GENERATE_INFOPLIST_FILE = YES;
				MARKETING_VERSION = 1.0;
				PRODUCT_BUNDLE_IDENTIFIER = "com.MakeabilityLab.RetroAccess-AppUITests";
				PRODUCT_NAME = "$(TARGET_NAME)";
				SWIFT_EMIT_LOC_STRINGS = NO;
				SWIFT_VERSION = 5.0;
				TARGETED_DEVICE_FAMILY = "1,2";
				TEST_TARGET_NAME = "RetroAccess App";
			};
			name = Debug;
		};
		5E1656D0287CD8A4002577D3 /* Release */ = {
			isa = XCBuildConfiguration;
			buildSettings = {
				ALWAYS_EMBED_SWIFT_STANDARD_LIBRARIES = YES;
				CODE_SIGN_STYLE = Automatic;
				CURRENT_PROJECT_VERSION = 1;
				DEVELOPMENT_TEAM = T4GVUZVTFD;
				GENERATE_INFOPLIST_FILE = YES;
				MARKETING_VERSION = 1.0;
				PRODUCT_BUNDLE_IDENTIFIER = "com.MakeabilityLab.RetroAccess-AppUITests";
				PRODUCT_NAME = "$(TARGET_NAME)";
				SWIFT_EMIT_LOC_STRINGS = NO;
				SWIFT_VERSION = 5.0;
				TARGETED_DEVICE_FAMILY = "1,2";
				TEST_TARGET_NAME = "RetroAccess App";
			};
			name = Release;
		};
/* End XCBuildConfiguration section */

/* Begin XCConfigurationList section */
		5E16569A287CD8A2002577D3 /* Build configuration list for PBXProject "RetroAccess App" */ = {
			isa = XCConfigurationList;
			buildConfigurations = (
				5E1656C6287CD8A4002577D3 /* Debug */,
				5E1656C7287CD8A4002577D3 /* Release */,
			);
			defaultConfigurationIsVisible = 0;
			defaultConfigurationName = Release;
		};
		5E1656C8287CD8A4002577D3 /* Build configuration list for PBXNativeTarget "RetroAccess App" */ = {
			isa = XCConfigurationList;
			buildConfigurations = (
				5E1656C9287CD8A4002577D3 /* Debug */,
				5E1656CA287CD8A4002577D3 /* Release */,
			);
			defaultConfigurationIsVisible = 0;
			defaultConfigurationName = Release;
		};
		5E1656CB287CD8A4002577D3 /* Build configuration list for PBXNativeTarget "RetroAccess AppTests" */ = {
			isa = XCConfigurationList;
			buildConfigurations = (
				5E1656CC287CD8A4002577D3 /* Debug */,
				5E1656CD287CD8A4002577D3 /* Release */,
			);
			defaultConfigurationIsVisible = 0;
			defaultConfigurationName = Release;
		};
		5E1656CE287CD8A4002577D3 /* Build configuration list for PBXNativeTarget "RetroAccess AppUITests" */ = {
			isa = XCConfigurationList;
			buildConfigurations = (
				5E1656CF287CD8A4002577D3 /* Debug */,
				5E1656D0287CD8A4002577D3 /* Release */,
			);
			defaultConfigurationIsVisible = 0;
			defaultConfigurationName = Release;
		};
/* End XCConfigurationList section */
	};
	rootObject = 5E165697287CD8A2002577D3 /* Project object */;
}
