// !$*UTF8*$!
{
	archiveVersion = 1;
	classes = {
	};
	objectVersion = 56;
	objects = {

/* Begin PBXBuildFile section */
		5E1656A3287CD8A2002577D3 /* AppDelegate.swift in Sources */ = {isa = PBXBuildFile; fileRef = 5E1656A2287CD8A2002577D3 /* AppDelegate.swift */; };
		5E1656A5287CD8A2002577D3 /* ViewController.swift in Sources */ = {isa = PBXBuildFile; fileRef = 5E1656A4287CD8A2002577D3 /* ViewController.swift */; };
		5E1656A7287CD8A2002577D3 /* Experience.rcproject in Sources */ = {isa = PBXBuildFile; fileRef = 5E1656A6287CD8A2002577D3 /* Experience.rcproject */; };
		5E1656AA287CD8A2002577D3 /* Main.storyboard in Resources */ = {isa = PBXBuildFile; fileRef = 5E1656A8287CD8A2002577D3 /* Main.storyboard */; };
		5E1656AC287CD8A4002577D3 /* Assets.xcassets in Resources */ = {isa = PBXBuildFile; fileRef = 5E1656AB287CD8A4002577D3 /* Assets.xcassets */; };
		5E1656AF287CD8A4002577D3 /* LaunchScreen.storyboard in Resources */ = {isa = PBXBuildFile; fileRef = 5E1656AD287CD8A4002577D3 /* LaunchScreen.storyboard */; };
		5E1656B9287CD8A4002577D3 /* RetroAccess_AppTests.swift in Sources */ = {isa = PBXBuildFile; fileRef = 5E1656B8287CD8A4002577D3 /* RetroAccess_AppTests.swift */; };
		5E1656C3287CD8A4002577D3 /* RetroAccess_AppUITests.swift in Sources */ = {isa = PBXBuildFile; fileRef = 5E1656C2287CD8A4002577D3 /* RetroAccess_AppUITests.swift */; };
		5E1656C5287CD8A4002577D3 /* RetroAccess_AppUITestsLaunchTests.swift in Sources */ = {isa = PBXBuildFile; fileRef = 5E1656C4287CD8A4002577D3 /* RetroAccess_AppUITestsLaunchTests.swift */; };
		5E1656D3287CE6AA002577D3 /* RoomObjectReplicator.swift in Sources */ = {isa = PBXBuildFile; fileRef = 5E1656D1287CE6AA002577D3 /* RoomObjectReplicator.swift */; };
		5E1656D4287CE6AA002577D3 /* RoomObjectSystem.swift in Sources */ = {isa = PBXBuildFile; fileRef = 5E1656D2287CE6AA002577D3 /* RoomObjectSystem.swift */; };
		5E1656D6287CE901002577D3 /* Filter.swift in Sources */ = {isa = PBXBuildFile; fileRef = 5E1656D5287CE901002577D3 /* Filter.swift */; };
		5E1656D8287CE916002577D3 /* AccessibilityIssue.swift in Sources */ = {isa = PBXBuildFile; fileRef = 5E1656D7287CE916002577D3 /* AccessibilityIssue.swift */; };
		5E1656DA287E207F002577D3 /* YOLOv3Tiny.mlmodel in Sources */ = {isa = PBXBuildFile; fileRef = 5E1656D9287E207E002577D3 /* YOLOv3Tiny.mlmodel */; };
		5E1656DD28877AD1002577D3 /* Rubrics.json in Resources */ = {isa = PBXBuildFile; fileRef = 5E1656DC28877AD1002577D3 /* Rubrics.json */; };
		5E1656DF2888D514002577D3 /* Situation.swift in Sources */ = {isa = PBXBuildFile; fileRef = 5E1656DE2888D514002577D3 /* Situation.swift */; };
		5E1656E52890A306002577D3 /* OnboardViewController.swift in Sources */ = {isa = PBXBuildFile; fileRef = 5E1656E42890A306002577D3 /* OnboardViewController.swift */; };
		5E1656E72891F8E8002577D3 /* Settings.swift in Sources */ = {isa = PBXBuildFile; fileRef = 5E1656E62891F8E8002577D3 /* Settings.swift */; };
		5E1656EA289B8E13002577D3 /* NotifyingEntity.swift in Sources */ = {isa = PBXBuildFile; fileRef = 5E1656E9289B8E13002577D3 /* NotifyingEntity.swift */; };
/* End PBXBuildFile section */

/* Begin PBXContainerItemProxy section */
		5E1656B5287CD8A4002577D3 /* PBXContainerItemProxy */ = {
			isa = PBXContainerItemProxy;
			containerPortal = 5E165697287CD8A2002577D3 /* Project object */;
			proxyType = 1;
			remoteGlobalIDString = 5E16569E287CD8A2002577D3;
			remoteInfo = "RetroAccess App";
		};
		5E1656BF287CD8A4002577D3 /* PBXContainerItemProxy */ = {
			isa = PBXContainerItemProxy;
			containerPortal = 5E165697287CD8A2002577D3 /* Project object */;
			proxyType = 1;
			remoteGlobalIDString = 5E16569E287CD8A2002577D3;
			remoteInfo = "RetroAccess App";
		};
/* End PBXContainerItemProxy section */

/* Begin PBXFileReference section */
		5E16569F287CD8A2002577D3 /* RetroAccess App.app */ = {isa = PBXFileReference; explicitFileType = wrapper.application; includeInIndex = 0; path = "RetroAccess App.app"; sourceTree = BUILT_PRODUCTS_DIR; };
		5E1656A2287CD8A2002577D3 /* AppDelegate.swift */ = {isa = PBXFileReference; lastKnownFileType = sourcecode.swift; path = AppDelegate.swift; sourceTree = "<group>"; };
		5E1656A4287CD8A2002577D3 /* ViewController.swift */ = {isa = PBXFileReference; lastKnownFileType = sourcecode.swift; path = ViewController.swift; sourceTree = "<group>"; };
		5E1656A6287CD8A2002577D3 /* Experience.rcproject */ = {isa = PBXFileReference; lastKnownFileType = file.rcproject; path = Experience.rcproject; sourceTree = "<group>"; };
		5E1656A9287CD8A2002577D3 /* Base */ = {isa = PBXFileReference; lastKnownFileType = file.storyboard; name = Base; path = Base.lproj/Main.storyboard; sourceTree = "<group>"; };
		5E1656AB287CD8A4002577D3 /* Assets.xcassets */ = {isa = PBXFileReference; lastKnownFileType = folder.assetcatalog; path = Assets.xcassets; sourceTree = "<group>"; };
		5E1656AE287CD8A4002577D3 /* Base */ = {isa = PBXFileReference; lastKnownFileType = file.storyboard; name = Base; path = Base.lproj/LaunchScreen.storyboard; sourceTree = "<group>"; };
		5E1656B4287CD8A4002577D3 /* RetroAccess AppTests.xctest */ = {isa = PBXFileReference; explicitFileType = wrapper.cfbundle; includeInIndex = 0; path = "RetroAccess AppTests.xctest"; sourceTree = BUILT_PRODUCTS_DIR; };
		5E1656B8287CD8A4002577D3 /* RetroAccess_AppTests.swift */ = {isa = PBXFileReference; lastKnownFileType = sourcecode.swift; path = RetroAccess_AppTests.swift; sourceTree = "<group>"; };
		5E1656BE287CD8A4002577D3 /* RetroAccess AppUITests.xctest */ = {isa = PBXFileReference; explicitFileType = wrapper.cfbundle; includeInIndex = 0; path = "RetroAccess AppUITests.xctest"; sourceTree = BUILT_PRODUCTS_DIR; };
		5E1656C2287CD8A4002577D3 /* RetroAccess_AppUITests.swift */ = {isa = PBXFileReference; lastKnownFileType = sourcecode.swift; path = RetroAccess_AppUITests.swift; sourceTree = "<group>"; };
		5E1656C4287CD8A4002577D3 /* RetroAccess_AppUITestsLaunchTests.swift */ = {isa = PBXFileReference; lastKnownFileType = sourcecode.swift; path = RetroAccess_AppUITestsLaunchTests.swift; sourceTree = "<group>"; };
		5E1656D1287CE6AA002577D3 /* RoomObjectReplicator.swift */ = {isa = PBXFileReference; fileEncoding = 4; lastKnownFileType = sourcecode.swift; path = RoomObjectReplicator.swift; sourceTree = "<group>"; };
		5E1656D2287CE6AA002577D3 /* RoomObjectSystem.swift */ = {isa = PBXFileReference; fileEncoding = 4; lastKnownFileType = sourcecode.swift; path = RoomObjectSystem.swift; sourceTree = "<group>"; };
		5E1656D5287CE901002577D3 /* Filter.swift */ = {isa = PBXFileReference; lastKnownFileType = sourcecode.swift; path = Filter.swift; sourceTree = "<group>"; };
		5E1656D7287CE916002577D3 /* AccessibilityIssue.swift */ = {isa = PBXFileReference; lastKnownFileType = sourcecode.swift; path = AccessibilityIssue.swift; sourceTree = "<group>"; };
		5E1656D9287E207E002577D3 /* YOLOv3Tiny.mlmodel */ = {isa = PBXFileReference; lastKnownFileType = file.mlmodel; path = YOLOv3Tiny.mlmodel; sourceTree = "<group>"; };
		5E1656DC28877AD1002577D3 /* Rubrics.json */ = {isa = PBXFileReference; fileEncoding = 4; lastKnownFileType = text.json; path = Rubrics.json; sourceTree = "<group>"; };
		5E1656DE2888D514002577D3 /* Situation.swift */ = {isa = PBXFileReference; lastKnownFileType = sourcecode.swift; path = Situation.swift; sourceTree = "<group>"; };
		5E1656E42890A306002577D3 /* OnboardViewController.swift */ = {isa = PBXFileReference; lastKnownFileType = sourcecode.swift; path = OnboardViewController.swift; sourceTree = "<group>"; };
		5E1656E62891F8E8002577D3 /* Settings.swift */ = {isa = PBXFileReference; lastKnownFileType = sourcecode.swift; path = Settings.swift; sourceTree = "<group>"; };
		5E1656E82892010D002577D3 /* Old_Rubrics.md */ = {isa = PBXFileReference; lastKnownFileType = net.daringfireball.markdown; path = Old_Rubrics.md; sourceTree = "<group>"; };
		5E1656E9289B8E13002577D3 /* NotifyingEntity.swift */ = {isa = PBXFileReference; lastKnownFileType = sourcecode.swift; path = NotifyingEntity.swift; sourceTree = "<group>"; };
/* End PBXFileReference section */

/* Begin PBXFrameworksBuildPhase section */
		5E16569C287CD8A2002577D3 /* Frameworks */ = {
			isa = PBXFrameworksBuildPhase;
			buildActionMask = 2147483647;
			files = (
			);
			runOnlyForDeploymentPostprocessing = 0;
		};
		5E1656B1287CD8A4002577D3 /* Frameworks */ = {
			isa = PBXFrameworksBuildPhase;
			buildActionMask = 2147483647;
			files = (
			);
			runOnlyForDeploymentPostprocessing = 0;
		};
		5E1656BB287CD8A4002577D3 /* Frameworks */ = {
			isa = PBXFrameworksBuildPhase;
			buildActionMask = 2147483647;
			files = (
			);
			runOnlyForDeploymentPostprocessing = 0;
		};
/* End PBXFrameworksBuildPhase section */

/* Begin PBXGroup section */
		5E165696287CD8A2002577D3 = {
			isa = PBXGroup;
			children = (
				5E1656A1287CD8A2002577D3 /* RetroAccess App */,
				5E1656B7287CD8A4002577D3 /* RetroAccess AppTests */,
				5E1656C1287CD8A4002577D3 /* RetroAccess AppUITests */,
				5E1656A0287CD8A2002577D3 /* Products */,
			);
			sourceTree = "<group>";
		};
		5E1656A0287CD8A2002577D3 /* Products */ = {
			isa = PBXGroup;
			children = (
				5E16569F287CD8A2002577D3 /* RetroAccess App.app */,
				5E1656B4287CD8A4002577D3 /* RetroAccess AppTests.xctest */,
				5E1656BE287CD8A4002577D3 /* RetroAccess AppUITests.xctest */,
			);
			name = Products;
			sourceTree = "<group>";
		};
		5E1656A1287CD8A2002577D3 /* RetroAccess App */ = {
			isa = PBXGroup;
			children = (
				5E1656DC28877AD1002577D3 /* Rubrics.json */,
				5E1656D9287E207E002577D3 /* YOLOv3Tiny.mlmodel */,
				5E1656D1287CE6AA002577D3 /* RoomObjectReplicator.swift */,
				5E1656D2287CE6AA002577D3 /* RoomObjectSystem.swift */,
				5E1656A2287CD8A2002577D3 /* AppDelegate.swift */,
				5E1656A4287CD8A2002577D3 /* ViewController.swift */,
				5E1656A6287CD8A2002577D3 /* Experience.rcproject */,
				5E1656A8287CD8A2002577D3 /* Main.storyboard */,
				5E1656AB287CD8A4002577D3 /* Assets.xcassets */,
				5E1656AD287CD8A4002577D3 /* LaunchScreen.storyboard */,
				5E1656D5287CE901002577D3 /* Filter.swift */,
				5E1656D7287CE916002577D3 /* AccessibilityIssue.swift */,
				5E1656DE2888D514002577D3 /* Situation.swift */,
				5E1656E42890A306002577D3 /* OnboardViewController.swift */,
				5E1656E62891F8E8002577D3 /* Settings.swift */,
				5E1656E82892010D002577D3 /* Old_Rubrics.md */,
				5E1656E9289B8E13002577D3 /* NotifyingEntity.swift */,
			);
			path = "RetroAccess App";
			sourceTree = "<group>";
		};
		5E1656B7287CD8A4002577D3 /* RetroAccess AppTests */ = {
			isa = PBXGroup;
			children = (
				5E1656B8287CD8A4002577D3 /* RetroAccess_AppTests.swift */,
			);
			path = "RetroAccess AppTests";
			sourceTree = "<group>";
		};
		5E1656C1287CD8A4002577D3 /* RetroAccess AppUITests */ = {
			isa = PBXGroup;
			children = (
				5E1656C2287CD8A4002577D3 /* RetroAccess_AppUITests.swift */,
				5E1656C4287CD8A4002577D3 /* RetroAccess_AppUITestsLaunchTests.swift */,
			);
			path = "RetroAccess AppUITests";
			sourceTree = "<group>";
		};
/* End PBXGroup section */

/* Begin PBXNativeTarget section */
		5E16569E287CD8A2002577D3 /* RetroAccess App */ = {
			isa = PBXNativeTarget;
			buildConfigurationList = 5E1656C8287CD8A4002577D3 /* Build configuration list for PBXNativeTarget "RetroAccess App" */;
			buildPhases = (
				5E16569B287CD8A2002577D3 /* Sources */,
				5E16569C287CD8A2002577D3 /* Frameworks */,
				5E16569D287CD8A2002577D3 /* Resources */,
			);
			buildRules = (
			);
			dependencies = (
			);
			name = "RetroAccess App";
			productName = "RetroAccess App";
			productReference = 5E16569F287CD8A2002577D3 /* RetroAccess App.app */;
			productType = "com.apple.product-type.application";
		};
		5E1656B3287CD8A4002577D3 /* RetroAccess AppTests */ = {
			isa = PBXNativeTarget;
			buildConfigurationList = 5E1656CB287CD8A4002577D3 /* Build configuration list for PBXNativeTarget "RetroAccess AppTests" */;
			buildPhases = (
				5E1656B0287CD8A4002577D3 /* Sources */,
				5E1656B1287CD8A4002577D3 /* Frameworks */,
				5E1656B2287CD8A4002577D3 /* Resources */,
			);
			buildRules = (
			);
			dependencies = (
				5E1656B6287CD8A4002577D3 /* PBXTargetDependency */,
			);
			name = "RetroAccess AppTests";
			productName = "RetroAccess AppTests";
			productReference = 5E1656B4287CD8A4002577D3 /* RetroAccess AppTests.xctest */;
			productType = "com.apple.product-type.bundle.unit-test";
		};
		5E1656BD287CD8A4002577D3 /* RetroAccess AppUITests */ = {
			isa = PBXNativeTarget;
			buildConfigurationList = 5E1656CE287CD8A4002577D3 /* Build configuration list for PBXNativeTarget "RetroAccess AppUITests" */;
			buildPhases = (
				5E1656BA287CD8A4002577D3 /* Sources */,
				5E1656BB287CD8A4002577D3 /* Frameworks */,
				5E1656BC287CD8A4002577D3 /* Resources */,
			);
			buildRules = (
			);
			dependencies = (
				5E1656C0287CD8A4002577D3 /* PBXTargetDependency */,
			);
			name = "RetroAccess AppUITests";
			productName = "RetroAccess AppUITests";
			productReference = 5E1656BE287CD8A4002577D3 /* RetroAccess AppUITests.xctest */;
			productType = "com.apple.product-type.bundle.ui-testing";
		};
/* End PBXNativeTarget section */

/* Begin PBXProject section */
		5E165697287CD8A2002577D3 /* Project object */ = {
			isa = PBXProject;
			attributes = {
				BuildIndependentTargetsInParallel = 1;
				LastSwiftUpdateCheck = 1400;
				LastUpgradeCheck = 1400;
				TargetAttributes = {
					5E16569E287CD8A2002577D3 = {
						CreatedOnToolsVersion = 14.0;
					};
					5E1656B3287CD8A4002577D3 = {
						CreatedOnToolsVersion = 14.0;
						TestTargetID = 5E16569E287CD8A2002577D3;
					};
					5E1656BD287CD8A4002577D3 = {
						CreatedOnToolsVersion = 14.0;
						TestTargetID = 5E16569E287CD8A2002577D3;
					};
				};
			};
			buildConfigurationList = 5E16569A287CD8A2002577D3 /* Build configuration list for PBXProject "RetroAccess App" */;
			compatibilityVersion = "Xcode 14.0";
			developmentRegion = en;
			hasScannedForEncodings = 0;
			knownRegions = (
				en,
				Base,
			);
			mainGroup = 5E165696287CD8A2002577D3;
			productRefGroup = 5E1656A0287CD8A2002577D3 /* Products */;
			projectDirPath = "";
			projectRoot = "";
			targets = (
				5E16569E287CD8A2002577D3 /* RetroAccess App */,
				5E1656B3287CD8A4002577D3 /* RetroAccess AppTests */,
				5E1656BD287CD8A4002577D3 /* RetroAccess AppUITests */,
			);
		};
/* End PBXProject section */

/* Begin PBXResourcesBuildPhase section */
		5E16569D287CD8A2002577D3 /* Resources */ = {
			isa = PBXResourcesBuildPhase;
			buildActionMask = 2147483647;
			files = (
				5E1656AF287CD8A4002577D3 /* LaunchScreen.storyboard in Resources */,
				5E1656AC287CD8A4002577D3 /* Assets.xcassets in Resources */,
				5E1656DD28877AD1002577D3 /* Rubrics.json in Resources */,
				5E1656AA287CD8A2002577D3 /* Main.storyboard in Resources */,
			);
			runOnlyForDeploymentPostprocessing = 0;
		};
		5E1656B2287CD8A4002577D3 /* Resources */ = {
			isa = PBXResourcesBuildPhase;
			buildActionMask = 2147483647;
			files = (
			);
			runOnlyForDeploymentPostprocessing = 0;
		};
		5E1656BC287CD8A4002577D3 /* Resources */ = {
			isa = PBXResourcesBuildPhase;
			buildActionMask = 2147483647;
			files = (
			);
			runOnlyForDeploymentPostprocessing = 0;
		};
/* End PBXResourcesBuildPhase section */

/* Begin PBXSourcesBuildPhase section */
		5E16569B287CD8A2002577D3 /* Sources */ = {
			isa = PBXSourcesBuildPhase;
			buildActionMask = 2147483647;
			files = (
				5E1656EA289B8E13002577D3 /* NotifyingEntity.swift in Sources */,
				5E1656E52890A306002577D3 /* OnboardViewController.swift in Sources */,
				5E1656D6287CE901002577D3 /* Filter.swift in Sources */,
				5E1656A5287CD8A2002577D3 /* ViewController.swift in Sources */,
				5E1656DA287E207F002577D3 /* YOLOv3Tiny.mlmodel in Sources */,
				5E1656DF2888D514002577D3 /* Situation.swift in Sources */,
				5E1656A3287CD8A2002577D3 /* AppDelegate.swift in Sources */,
				5E1656D3287CE6AA002577D3 /* RoomObjectReplicator.swift in Sources */,
				5E1656D4287CE6AA002577D3 /* RoomObjectSystem.swift in Sources */,
				5E1656D8287CE916002577D3 /* AccessibilityIssue.swift in Sources */,
				5E1656E72891F8E8002577D3 /* Settings.swift in Sources */,
				5E1656A7287CD8A2002577D3 /* Experience.rcproject in Sources */,
			);
			runOnlyForDeploymentPostprocessing = 0;
		};
		5E1656B0287CD8A4002577D3 /* Sources */ = {
			isa = PBXSourcesBuildPhase;
			buildActionMask = 2147483647;
			files = (
				5E1656B9287CD8A4002577D3 /* RetroAccess_AppTests.swift in Sources */,
			);
			runOnlyForDeploymentPostprocessing = 0;
		};
		5E1656BA287CD8A4002577D3 /* Sources */ = {
			isa = PBXSourcesBuildPhase;
			buildActionMask = 2147483647;
			files = (
				5E1656C3287CD8A4002577D3 /* RetroAccess_AppUITests.swift in Sources */,
				5E1656C5287CD8A4002577D3 /* RetroAccess_AppUITestsLaunchTests.swift in Sources */,
			);
			runOnlyForDeploymentPostprocessing = 0;
		};
/* End PBXSourcesBuildPhase section */

/* Begin PBXTargetDependency section */
		5E1656B6287CD8A4002577D3 /* PBXTargetDependency */ = {
			isa = PBXTargetDependency;
			target = 5E16569E287CD8A2002577D3 /* RetroAccess App */;
			targetProxy = 5E1656B5287CD8A4002577D3 /* PBXContainerItemProxy */;
		};
		5E1656C0287CD8A4002577D3 /* PBXTargetDependency */ = {
			isa = PBXTargetDependency;
			target = 5E16569E287CD8A2002577D3 /* RetroAccess App */;
			targetProxy = 5E1656BF287CD8A4002577D3 /* PBXContainerItemProxy */;
		};
/* End PBXTargetDependency section */

/* Begin PBXVariantGroup section */
		5E1656A8287CD8A2002577D3 /* Main.storyboard */ = {
			isa = PBXVariantGroup;
			children = (
				5E1656A9287CD8A2002577D3 /* Base */,
			);
			name = Main.storyboard;
			sourceTree = "<group>";
		};
		5E1656AD287CD8A4002577D3 /* LaunchScreen.storyboard */ = {
			isa = PBXVariantGroup;
			children = (
				5E1656AE287CD8A4002577D3 /* Base */,
			);
			name = LaunchScreen.storyboard;
			sourceTree = "<group>";
		};
/* End PBXVariantGroup section */

/* Begin XCBuildConfiguration section */
		5E1656C6287CD8A4002577D3 /* Debug */ = {
			isa = XCBuildConfiguration;
			buildSettings = {
				ALWAYS_SEARCH_USER_PATHS = NO;
				CLANG_ANALYZER_NONNULL = YES;
				CLANG_ANALYZER_NUMBER_OBJECT_CONVERSION = YES_AGGRESSIVE;
				CLANG_CXX_LANGUAGE_STANDARD = "gnu++17";
				CLANG_ENABLE_MODULES = YES;
				CLANG_ENABLE_OBJC_ARC = YES;
				CLANG_ENABLE_OBJC_WEAK = YES;
				CLANG_WARN_BLOCK_CAPTURE_AUTORELEASING = YES;
				CLANG_WARN_BOOL_CONVERSION = YES;
				CLANG_WARN_COMMA = YES;
				CLANG_WARN_CONSTANT_CONVERSION = YES;
				CLANG_WARN_DEPRECATED_OBJC_IMPLEMENTATIONS = YES;
				CLANG_WARN_DIRECT_OBJC_ISA_USAGE = YES_ERROR;
				CLANG_WARN_DOCUMENTATION_COMMENTS = YES;
				CLANG_WARN_EMPTY_BODY = YES;
				CLANG_WARN_ENUM_CONVERSION = YES;
				CLANG_WARN_INFINITE_RECURSION = YES;
				CLANG_WARN_INT_CONVERSION = YES;
				CLANG_WARN_NON_LITERAL_NULL_CONVERSION = YES;
				CLANG_WARN_OBJC_IMPLICIT_RETAIN_SELF = YES;
				CLANG_WARN_OBJC_LITERAL_CONVERSION = YES;
				CLANG_WARN_OBJC_ROOT_CLASS = YES_ERROR;
				CLANG_WARN_QUOTED_INCLUDE_IN_FRAMEWORK_HEADER = YES;
				CLANG_WARN_RANGE_LOOP_ANALYSIS = YES;
				CLANG_WARN_STRICT_PROTOTYPES = YES;
				CLANG_WARN_SUSPICIOUS_MOVE = YES;
				CLANG_WARN_UNGUARDED_AVAILABILITY = YES_AGGRESSIVE;
				CLANG_WARN_UNREACHABLE_CODE = YES;
				CLANG_WARN__DUPLICATE_METHOD_MATCH = YES;
				COPY_PHASE_STRIP = NO;
				DEBUG_INFORMATION_FORMAT = dwarf;
				ENABLE_STRICT_OBJC_MSGSEND = YES;
				ENABLE_TESTABILITY = YES;
				GCC_C_LANGUAGE_STANDARD = gnu11;
				GCC_DYNAMIC_NO_PIC = NO;
				GCC_NO_COMMON_BLOCKS = YES;
				GCC_OPTIMIZATION_LEVEL = 0;
				GCC_PREPROCESSOR_DEFINITIONS = (
					"DEBUG=1",
					"$(inherited)",
				);
				GCC_WARN_64_TO_32_BIT_CONVERSION = YES;
				GCC_WARN_ABOUT_RETURN_TYPE = YES_ERROR;
				GCC_WARN_UNDECLARED_SELECTOR = YES;
				GCC_WARN_UNINITIALIZED_AUTOS = YES_AGGRESSIVE;
				GCC_WARN_UNUSED_FUNCTION = YES;
				GCC_WARN_UNUSED_VARIABLE = YES;
				IPHONEOS_DEPLOYMENT_TARGET = 16.0;
				MTL_ENABLE_DEBUG_INFO = INCLUDE_SOURCE;
				MTL_FAST_MATH = YES;
				ONLY_ACTIVE_ARCH = YES;
				SDKROOT = iphoneos;
				SWIFT_ACTIVE_COMPILATION_CONDITIONS = DEBUG;
				SWIFT_OPTIMIZATION_LEVEL = "-Onone";
			};
			name = Debug;
		};
		5E1656C7287CD8A4002577D3 /* Release */ = {
			isa = XCBuildConfiguration;
			buildSettings = {
				ALWAYS_SEARCH_USER_PATHS = NO;
				CLANG_ANALYZER_NONNULL = YES;
				CLANG_ANALYZER_NUMBER_OBJECT_CONVERSION = YES_AGGRESSIVE;
				CLANG_CXX_LANGUAGE_STANDARD = "gnu++17";
				CLANG_ENABLE_MODULES = YES;
				CLANG_ENABLE_OBJC_ARC = YES;
				CLANG_ENABLE_OBJC_WEAK = YES;
				CLANG_WARN_BLOCK_CAPTURE_AUTORELEASING = YES;
				CLANG_WARN_BOOL_CONVERSION = YES;
				CLANG_WARN_COMMA = YES;
				CLANG_WARN_CONSTANT_CONVERSION = YES;
				CLANG_WARN_DEPRECATED_OBJC_IMPLEMENTATIONS = YES;
				CLANG_WARN_DIRECT_OBJC_ISA_USAGE = YES_ERROR;
				CLANG_WARN_DOCUMENTATION_COMMENTS = YES;
				CLANG_WARN_EMPTY_BODY = YES;
				CLANG_WARN_ENUM_CONVERSION = YES;
				CLANG_WARN_INFINITE_RECURSION = YES;
				CLANG_WARN_INT_CONVERSION = YES;
				CLANG_WARN_NON_LITERAL_NULL_CONVERSION = YES;
				CLANG_WARN_OBJC_IMPLICIT_RETAIN_SELF = YES;
				CLANG_WARN_OBJC_LITERAL_CONVERSION = YES;
				CLANG_WARN_OBJC_ROOT_CLASS = YES_ERROR;
				CLANG_WARN_QUOTED_INCLUDE_IN_FRAMEWORK_HEADER = YES;
				CLANG_WARN_RANGE_LOOP_ANALYSIS = YES;
				CLANG_WARN_STRICT_PROTOTYPES = YES;
				CLANG_WARN_SUSPICIOUS_MOVE = YES;
				CLANG_WARN_UNGUARDED_AVAILABILITY = YES_AGGRESSIVE;
				CLANG_WARN_UNREACHABLE_CODE = YES;
				CLANG_WARN__DUPLICATE_METHOD_MATCH = YES;
				COPY_PHASE_STRIP = NO;
				DEBUG_INFORMATION_FORMAT = "dwarf-with-dsym";
				ENABLE_NS_ASSERTIONS = NO;
				ENABLE_STRICT_OBJC_MSGSEND = YES;
				GCC_C_LANGUAGE_STANDARD = gnu11;
				GCC_NO_COMMON_BLOCKS = YES;
				GCC_WARN_64_TO_32_BIT_CONVERSION = YES;
				GCC_WARN_ABOUT_RETURN_TYPE = YES_ERROR;
				GCC_WARN_UNDECLARED_SELECTOR = YES;
				GCC_WARN_UNINITIALIZED_AUTOS = YES_AGGRESSIVE;
				GCC_WARN_UNUSED_FUNCTION = YES;
				GCC_WARN_UNUSED_VARIABLE = YES;
				IPHONEOS_DEPLOYMENT_TARGET = 16.0;
				MTL_ENABLE_DEBUG_INFO = NO;
				MTL_FAST_MATH = YES;
				SDKROOT = iphoneos;
				SWIFT_COMPILATION_MODE = wholemodule;
				SWIFT_OPTIMIZATION_LEVEL = "-O";
				VALIDATE_PRODUCT = YES;
			};
			name = Release;
		};
		5E1656C9287CD8A4002577D3 /* Debug */ = {
			isa = XCBuildConfiguration;
			buildSettings = {
				ASSETCATALOG_COMPILER_APPICON_NAME = AppIcon;
				ASSETCATALOG_COMPILER_GLOBAL_ACCENT_COLOR_NAME = AccentColor;
				CODE_SIGN_STYLE = Automatic;
				CURRENT_PROJECT_VERSION = 1;
				DEVELOPMENT_TEAM = T4GVUZVTFD;
				GENERATE_INFOPLIST_FILE = YES;
				INFOPLIST_KEY_LSApplicationCategoryType = "public.app-category.education";
				INFOPLIST_KEY_NSCameraUsageDescription = "";
				INFOPLIST_KEY_UIApplicationSupportsIndirectInputEvents = YES;
				INFOPLIST_KEY_UILaunchStoryboardName = LaunchScreen;
				INFOPLIST_KEY_UIMainStoryboardFile = Main;
				INFOPLIST_KEY_UIRequiredDeviceCapabilities = arkit;
				INFOPLIST_KEY_UIStatusBarHidden = YES;
				INFOPLIST_KEY_UISupportedInterfaceOrientations = UIInterfaceOrientationPortrait;
				LD_RUNPATH_SEARCH_PATHS = (
					"$(inherited)",
					"@executable_path/Frameworks",
				);
				MARKETING_VERSION = 0.1;
				PRODUCT_BUNDLE_IDENTIFIER = "com.MakeabilityLab.RetroAccess-App";
				PRODUCT_NAME = "$(TARGET_NAME)";
				SWIFT_EMIT_LOC_STRINGS = YES;
				SWIFT_VERSION = 5.0;
				TARGETED_DEVICE_FAMILY = "1,2";
			};
			name = Debug;
		};
		5E1656CA287CD8A4002577D3 /* Release */ = {
			isa = XCBuildConfiguration;
			buildSettings = {
				ASSETCATALOG_COMPILER_APPICON_NAME = AppIcon;
				ASSETCATALOG_COMPILER_GLOBAL_ACCENT_COLOR_NAME = AccentColor;
				CODE_SIGN_STYLE = Automatic;
				CURRENT_PROJECT_VERSION = 1;
				DEVELOPMENT_TEAM = T4GVUZVTFD;
				GENERATE_INFOPLIST_FILE = YES;
				INFOPLIST_KEY_LSApplicationCategoryType = "public.app-category.education";
				INFOPLIST_KEY_NSCameraUsageDescription = "";
				INFOPLIST_KEY_UIApplicationSupportsIndirectInputEvents = YES;
				INFOPLIST_KEY_UILaunchStoryboardName = LaunchScreen;
				INFOPLIST_KEY_UIMainStoryboardFile = Main;
				INFOPLIST_KEY_UIRequiredDeviceCapabilities = arkit;
				INFOPLIST_KEY_UIStatusBarHidden = YES;
				INFOPLIST_KEY_UISupportedInterfaceOrientations = UIInterfaceOrientationPortrait;
				LD_RUNPATH_SEARCH_PATHS = (
					"$(inherited)",
					"@executable_path/Frameworks",
				);
				MARKETING_VERSION = 0.1;
				PRODUCT_BUNDLE_IDENTIFIER = "com.MakeabilityLab.RetroAccess-App";
				PRODUCT_NAME = "$(TARGET_NAME)";
				SWIFT_EMIT_LOC_STRINGS = YES;
				SWIFT_VERSION = 5.0;
				TARGETED_DEVICE_FAMILY = "1,2";
			};
			name = Release;
		};
		5E1656CC287CD8A4002577D3 /* Debug */ = {
			isa = XCBuildConfiguration;
			buildSettings = {
				ALWAYS_EMBED_SWIFT_STANDARD_LIBRARIES = YES;
				BUNDLE_LOADER = "$(TEST_HOST)";
				CODE_SIGN_STYLE = Automatic;
				CURRENT_PROJECT_VERSION = 1;
				DEVELOPMENT_TEAM = T4GVUZVTFD;
				GENERATE_INFOPLIST_FILE = YES;
				IPHONEOS_DEPLOYMENT_TARGET = 16.0;
				MARKETING_VERSION = 1.0;
				PRODUCT_BUNDLE_IDENTIFIER = "com.MakeabilityLab.RetroAccess-AppTests";
				PRODUCT_NAME = "$(TARGET_NAME)";
				SWIFT_EMIT_LOC_STRINGS = NO;
				SWIFT_VERSION = 5.0;
				TARGETED_DEVICE_FAMILY = "1,2";
				TEST_HOST = "$(BUILT_PRODUCTS_DIR)/RetroAccess App.app/$(BUNDLE_EXECUTABLE_FOLDER_PATH)/RetroAccess App";
			};
			name = Debug;
		};
		5E1656CD287CD8A4002577D3 /* Release */ = {
			isa = XCBuildConfiguration;
			buildSettings = {
				ALWAYS_EMBED_SWIFT_STANDARD_LIBRARIES = YES;
				BUNDLE_LOADER = "$(TEST_HOST)";
				CODE_SIGN_STYLE = Automatic;
				CURRENT_PROJECT_VERSION = 1;
				DEVELOPMENT_TEAM = T4GVUZVTFD;
				GENERATE_INFOPLIST_FILE = YES;
				IPHONEOS_DEPLOYMENT_TARGET = 16.0;
				MARKETING_VERSION = 1.0;
				PRODUCT_BUNDLE_IDENTIFIER = "com.MakeabilityLab.RetroAccess-AppTests";
				PRODUCT_NAME = "$(TARGET_NAME)";
				SWIFT_EMIT_LOC_STRINGS = NO;
				SWIFT_VERSION = 5.0;
				TARGETED_DEVICE_FAMILY = "1,2";
				TEST_HOST = "$(BUILT_PRODUCTS_DIR)/RetroAccess App.app/$(BUNDLE_EXECUTABLE_FOLDER_PATH)/RetroAccess App";
			};
			name = Release;
		};
		5E1656CF287CD8A4002577D3 /* Debug */ = {
			isa = XCBuildConfiguration;
			buildSettings = {
				ALWAYS_EMBED_SWIFT_STANDARD_LIBRARIES = YES;
				CODE_SIGN_STYLE = Automatic;
				CURRENT_PROJECT_VERSION = 1;
				DEVELOPMENT_TEAM = T4GVUZVTFD;
				GENERATE_INFOPLIST_FILE = YES;
				MARKETING_VERSION = 1.0;
				PRODUCT_BUNDLE_IDENTIFIER = "com.MakeabilityLab.RetroAccess-AppUITests";
				PRODUCT_NAME = "$(TARGET_NAME)";
				SWIFT_EMIT_LOC_STRINGS = NO;
				SWIFT_VERSION = 5.0;
				TARGETED_DEVICE_FAMILY = "1,2";
				TEST_TARGET_NAME = "RetroAccess App";
			};
			name = Debug;
		};
		5E1656D0287CD8A4002577D3 /* Release */ = {
			isa = XCBuildConfiguration;
			buildSettings = {
				ALWAYS_EMBED_SWIFT_STANDARD_LIBRARIES = YES;
				CODE_SIGN_STYLE = Automatic;
				CURRENT_PROJECT_VERSION = 1;
				DEVELOPMENT_TEAM = T4GVUZVTFD;
				GENERATE_INFOPLIST_FILE = YES;
				MARKETING_VERSION = 1.0;
				PRODUCT_BUNDLE_IDENTIFIER = "com.MakeabilityLab.RetroAccess-AppUITests";
				PRODUCT_NAME = "$(TARGET_NAME)";
				SWIFT_EMIT_LOC_STRINGS = NO;
				SWIFT_VERSION = 5.0;
				TARGETED_DEVICE_FAMILY = "1,2";
				TEST_TARGET_NAME = "RetroAccess App";
			};
			name = Release;
		};
/* End XCBuildConfiguration section */

/* Begin XCConfigurationList section */
		5E16569A287CD8A2002577D3 /* Build configuration list for PBXProject "RetroAccess App" */ = {
			isa = XCConfigurationList;
			buildConfigurations = (
				5E1656C6287CD8A4002577D3 /* Debug */,
				5E1656C7287CD8A4002577D3 /* Release */,
			);
			defaultConfigurationIsVisible = 0;
			defaultConfigurationName = Release;
		};
		5E1656C8287CD8A4002577D3 /* Build configuration list for PBXNativeTarget "RetroAccess App" */ = {
			isa = XCConfigurationList;
			buildConfigurations = (
				5E1656C9287CD8A4002577D3 /* Debug */,
				5E1656CA287CD8A4002577D3 /* Release */,
			);
			defaultConfigurationIsVisible = 0;
			defaultConfigurationName = Release;
		};
		5E1656CB287CD8A4002577D3 /* Build configuration list for PBXNativeTarget "RetroAccess AppTests" */ = {
			isa = XCConfigurationList;
			buildConfigurations = (
				5E1656CC287CD8A4002577D3 /* Debug */,
				5E1656CD287CD8A4002577D3 /* Release */,
			);
			defaultConfigurationIsVisible = 0;
			defaultConfigurationName = Release;
		};
		5E1656CE287CD8A4002577D3 /* Build configuration list for PBXNativeTarget "RetroAccess AppUITests" */ = {
			isa = XCConfigurationList;
			buildConfigurations = (
				5E1656CF287CD8A4002577D3 /* Debug */,
				5E1656D0287CD8A4002577D3 /* Release */,
			);
			defaultConfigurationIsVisible = 0;
			defaultConfigurationName = Release;
		};
/* End XCConfigurationList section */
	};
	rootObject = 5E165697287CD8A2002577D3 /* Project object */;
}
